
Microsoft Visual Studio Solution File, Format Version 12.00
# Visual Studio 15
VisualStudioVersion = 15.0.26124.0
MinimumVisualStudioVersion = 15.0.26124.0
Project("{9A19103F-16F7-4668-BE54-9A1E7A4F7556}") = "R5T.Code.VisualStudio.ProjectFile.Types.Construction", "R5T.Code.VisualStudio.ProjectFile.Types.Construction\R5T.Code.VisualStudio.ProjectFile.Types.Construction.csproj", "{08204180-1C93-4246-939E-8424CDC7CE40}"
EndProject
Project("{9A19103F-16F7-4668-BE54-9A1E7A4F7556}") = "R5T.Code.VisualStudio.ProjectFile.Types", "R5T.Code.VisualStudio.ProjectFile.Types\R5T.Code.VisualStudio.ProjectFile.Types.csproj", "{9B22B3B9-FA82-4C05-80D1-799A70101063}"
EndProject
Project("{9A19103F-16F7-4668-BE54-9A1E7A4F7556}") = "R5T.Code.VisualStudio.ProjectFile.Types.Testing", "R5T.Code.VisualStudio.ProjectFile.Types.Testing\R5T.Code.VisualStudio.ProjectFile.Types.Testing.csproj", "{7D83EB87-FF37-4DE1-BFAC-581D8EAB931E}"
EndProject
Project("{2150E333-8FDC-42A3-9474-1A3956D46DE8}") = "_Dependencies", "_Dependencies", "{833B477B-0AA6-41AD-87F2-8D16F5DB7C1F}"
EndProject
Project("{9A19103F-16F7-4668-BE54-9A1E7A4F7556}") = "R5T.NetStandard.IO.Serialization", "..\..\R5T.NetStandard.IO.Serialization\source\R5T.NetStandard.IO.Serialization\R5T.NetStandard.IO.Serialization.csproj", "{EBD7295A-9C38-4408-B5FC-A8D6C812E57F}"
EndProject
Project("{9A19103F-16F7-4668-BE54-9A1E7A4F7556}") = "R5T.NetStandard.IO.Types", "..\..\R5T.NetStandard.IO.Types\source\R5T.NetStandard.IO.Types\R5T.NetStandard.IO.Types.csproj", "{A04905D3-20B7-450A-9A93-C3246726C60D}"
EndProject
Project("{9A19103F-16F7-4668-BE54-9A1E7A4F7556}") = "R5T.NetStandard.Types", "..\..\R5T.NetStandard.Types\source\R5T.NetStandard.Types\R5T.NetStandard.Types.csproj", "{CADEA94D-1C8D-4FCA-8AC4-1D0178E9662B}"
EndProject
Project("{9A19103F-16F7-4668-BE54-9A1E7A4F7556}") = "R5T.NetStandard.Xml", "..\..\R5T.NetStandard.Xml\source\R5T.NetStandard.Xml\R5T.NetStandard.Xml.csproj", "{93DB865E-3C6B-4423-84EE-364474308BB6}"
EndProject
Project("{9A19103F-16F7-4668-BE54-9A1E7A4F7556}") = "R5T.NetStandard.TypedString", "..\..\R5T.NetStandard.TypedString\source\R5T.NetStandard.TypedString\R5T.NetStandard.TypedString.csproj", "{AF40F309-C79D-4F45-A31E-110846D6D84C}"
EndProject
Global
	GlobalSection(SolutionConfigurationPlatforms) = preSolution
		Debug|Any CPU = Debug|Any CPU
		Debug|x64 = Debug|x64
		Debug|x86 = Debug|x86
		Release|Any CPU = Release|Any CPU
		Release|x64 = Release|x64
		Release|x86 = Release|x86
	EndGlobalSection
	GlobalSection(ProjectConfigurationPlatforms) = postSolution
		{08204180-1C93-4246-939E-8424CDC7CE40}.Debug|Any CPU.ActiveCfg = Debug|Any CPU
		{08204180-1C93-4246-939E-8424CDC7CE40}.Debug|Any CPU.Build.0 = Debug|Any CPU
		{08204180-1C93-4246-939E-8424CDC7CE40}.Debug|x64.ActiveCfg = Debug|Any CPU
		{08204180-1C93-4246-939E-8424CDC7CE40}.Debug|x64.Build.0 = Debug|Any CPU
		{08204180-1C93-4246-939E-8424CDC7CE40}.Debug|x86.ActiveCfg = Debug|Any CPU
		{08204180-1C93-4246-939E-8424CDC7CE40}.Debug|x86.Build.0 = Debug|Any CPU
		{08204180-1C93-4246-939E-8424CDC7CE40}.Release|Any CPU.ActiveCfg = Release|Any CPU
		{08204180-1C93-4246-939E-8424CDC7CE40}.Release|Any CPU.Build.0 = Release|Any CPU
		{08204180-1C93-4246-939E-8424CDC7CE40}.Release|x64.ActiveCfg = Release|Any CPU
		{08204180-1C93-4246-939E-8424CDC7CE40}.Release|x64.Build.0 = Release|Any CPU
		{08204180-1C93-4246-939E-8424CDC7CE40}.Release|x86.ActiveCfg = Release|Any CPU
		{08204180-1C93-4246-939E-8424CDC7CE40}.Release|x86.Build.0 = Release|Any CPU
		{9B22B3B9-FA82-4C05-80D1-799A70101063}.Debug|Any CPU.ActiveCfg = Debug|Any CPU
		{9B22B3B9-FA82-4C05-80D1-799A70101063}.Debug|Any CPU.Build.0 = Debug|Any CPU
		{9B22B3B9-FA82-4C05-80D1-799A70101063}.Debug|x64.ActiveCfg = Debug|Any CPU
		{9B22B3B9-FA82-4C05-80D1-799A70101063}.Debug|x64.Build.0 = Debug|Any CPU
		{9B22B3B9-FA82-4C05-80D1-799A70101063}.Debug|x86.ActiveCfg = Debug|Any CPU
		{9B22B3B9-FA82-4C05-80D1-799A70101063}.Debug|x86.Build.0 = Debug|Any CPU
		{9B22B3B9-FA82-4C05-80D1-799A70101063}.Release|Any CPU.ActiveCfg = Release|Any CPU
		{9B22B3B9-FA82-4C05-80D1-799A70101063}.Release|Any CPU.Build.0 = Release|Any CPU
		{9B22B3B9-FA82-4C05-80D1-799A70101063}.Release|x64.ActiveCfg = Release|Any CPU
		{9B22B3B9-FA82-4C05-80D1-799A70101063}.Release|x64.Build.0 = Release|Any CPU
		{9B22B3B9-FA82-4C05-80D1-799A70101063}.Release|x86.ActiveCfg = Release|Any CPU
		{9B22B3B9-FA82-4C05-80D1-799A70101063}.Release|x86.Build.0 = Release|Any CPU
		{7D83EB87-FF37-4DE1-BFAC-581D8EAB931E}.Debug|Any CPU.ActiveCfg = Debug|Any CPU
		{7D83EB87-FF37-4DE1-BFAC-581D8EAB931E}.Debug|Any CPU.Build.0 = Debug|Any CPU
		{7D83EB87-FF37-4DE1-BFAC-581D8EAB931E}.Debug|x64.ActiveCfg = Debug|Any CPU
		{7D83EB87-FF37-4DE1-BFAC-581D8EAB931E}.Debug|x64.Build.0 = Debug|Any CPU
		{7D83EB87-FF37-4DE1-BFAC-581D8EAB931E}.Debug|x86.ActiveCfg = Debug|Any CPU
		{7D83EB87-FF37-4DE1-BFAC-581D8EAB931E}.Debug|x86.Build.0 = Debug|Any CPU
		{7D83EB87-FF37-4DE1-BFAC-581D8EAB931E}.Release|Any CPU.ActiveCfg = Release|Any CPU
		{7D83EB87-FF37-4DE1-BFAC-581D8EAB931E}.Release|Any CPU.Build.0 = Release|Any CPU
		{7D83EB87-FF37-4DE1-BFAC-581D8EAB931E}.Release|x64.ActiveCfg = Release|Any CPU
		{7D83EB87-FF37-4DE1-BFAC-581D8EAB931E}.Release|x64.Build.0 = Release|Any CPU
		{7D83EB87-FF37-4DE1-BFAC-581D8EAB931E}.Release|x86.ActiveCfg = Release|Any CPU
		{7D83EB87-FF37-4DE1-BFAC-581D8EAB931E}.Release|x86.Build.0 = Release|Any CPU
		{EBD7295A-9C38-4408-B5FC-A8D6C812E57F}.Debug|Any CPU.ActiveCfg = Debug|Any CPU
		{EBD7295A-9C38-4408-B5FC-A8D6C812E57F}.Debug|Any CPU.Build.0 = Debug|Any CPU
		{EBD7295A-9C38-4408-B5FC-A8D6C812E57F}.Debug|x64.ActiveCfg = Debug|Any CPU
		{EBD7295A-9C38-4408-B5FC-A8D6C812E57F}.Debug|x64.Build.0 = Debug|Any CPU
		{EBD7295A-9C38-4408-B5FC-A8D6C812E57F}.Debug|x86.ActiveCfg = Debug|Any CPU
		{EBD7295A-9C38-4408-B5FC-A8D6C812E57F}.Debug|x86.Build.0 = Debug|Any CPU
		{EBD7295A-9C38-4408-B5FC-A8D6C812E57F}.Release|Any CPU.ActiveCfg = Release|Any CPU
		{EBD7295A-9C38-4408-B5FC-A8D6C812E57F}.Release|Any CPU.Build.0 = Release|Any CPU
		{EBD7295A-9C38-4408-B5FC-A8D6C812E57F}.Release|x64.ActiveCfg = Release|Any CPU
		{EBD7295A-9C38-4408-B5FC-A8D6C812E57F}.Release|x64.Build.0 = Release|Any CPU
		{EBD7295A-9C38-4408-B5FC-A8D6C812E57F}.Release|x86.ActiveCfg = Release|Any CPU
		{EBD7295A-9C38-4408-B5FC-A8D6C812E57F}.Release|x86.Build.0 = Release|Any CPU
		{A04905D3-20B7-450A-9A93-C3246726C60D}.Debug|Any CPU.ActiveCfg = Debug|Any CPU
		{A04905D3-20B7-450A-9A93-C3246726C60D}.Debug|Any CPU.Build.0 = Debug|Any CPU
		{A04905D3-20B7-450A-9A93-C3246726C60D}.Debug|x64.ActiveCfg = Debug|Any CPU
		{A04905D3-20B7-450A-9A93-C3246726C60D}.Debug|x64.Build.0 = Debug|Any CPU
		{A04905D3-20B7-450A-9A93-C3246726C60D}.Debug|x86.ActiveCfg = Debug|Any CPU
		{A04905D3-20B7-450A-9A93-C3246726C60D}.Debug|x86.Build.0 = Debug|Any CPU
		{A04905D3-20B7-450A-9A93-C3246726C60D}.Release|Any CPU.ActiveCfg = Release|Any CPU
		{A04905D3-20B7-450A-9A93-C3246726C60D}.Release|Any CPU.Build.0 = Release|Any CPU
		{A04905D3-20B7-450A-9A93-C3246726C60D}.Release|x64.ActiveCfg = Release|Any CPU
		{A04905D3-20B7-450A-9A93-C3246726C60D}.Release|x64.Build.0 = Release|Any CPU
		{A04905D3-20B7-450A-9A93-C3246726C60D}.Release|x86.ActiveCfg = Release|Any CPU
		{A04905D3-20B7-450A-9A93-C3246726C60D}.Release|x86.Build.0 = Release|Any CPU
		{CADEA94D-1C8D-4FCA-8AC4-1D0178E9662B}.Debug|Any CPU.ActiveCfg = Debug|Any CPU
		{CADEA94D-1C8D-4FCA-8AC4-1D0178E9662B}.Debug|Any CPU.Build.0 = Debug|Any CPU
		{CADEA94D-1C8D-4FCA-8AC4-1D0178E9662B}.Debug|x64.ActiveCfg = Debug|Any CPU
		{CADEA94D-1C8D-4FCA-8AC4-1D0178E9662B}.Debug|x64.Build.0 = Debug|Any CPU
		{CADEA94D-1C8D-4FCA-8AC4-1D0178E9662B}.Debug|x86.ActiveCfg = Debug|Any CPU
		{CADEA94D-1C8D-4FCA-8AC4-1D0178E9662B}.Debug|x86.Build.0 = Debug|Any CPU
		{CADEA94D-1C8D-4FCA-8AC4-1D0178E9662B}.Release|Any CPU.ActiveCfg = Release|Any CPU
		{CADEA94D-1C8D-4FCA-8AC4-1D0178E9662B}.Release|Any CPU.Build.0 = Release|Any CPU
		{CADEA94D-1C8D-4FCA-8AC4-1D0178E9662B}.Release|x64.ActiveCfg = Release|Any CPU
		{CADEA94D-1C8D-4FCA-8AC4-1D0178E9662B}.Release|x64.Build.0 = Release|Any CPU
		{CADEA94D-1C8D-4FCA-8AC4-1D0178E9662B}.Release|x86.ActiveCfg = Release|Any CPU
		{CADEA94D-1C8D-4FCA-8AC4-1D0178E9662B}.Release|x86.Build.0 = Release|Any CPU
		{93DB865E-3C6B-4423-84EE-364474308BB6}.Debug|Any CPU.ActiveCfg = Debug|Any CPU
		{93DB865E-3C6B-4423-84EE-364474308BB6}.Debug|Any CPU.Build.0 = Debug|Any CPU
		{93DB865E-3C6B-4423-84EE-364474308BB6}.Debug|x64.ActiveCfg = Debug|Any CPU
		{93DB865E-3C6B-4423-84EE-364474308BB6}.Debug|x64.Build.0 = Debug|Any CPU
		{93DB865E-3C6B-4423-84EE-364474308BB6}.Debug|x86.ActiveCfg = Debug|Any CPU
		{93DB865E-3C6B-4423-84EE-364474308BB6}.Debug|x86.Build.0 = Debug|Any CPU
		{93DB865E-3C6B-4423-84EE-364474308BB6}.Release|Any CPU.ActiveCfg = Release|Any CPU
		{93DB865E-3C6B-4423-84EE-364474308BB6}.Release|Any CPU.Build.0 = Release|Any CPU
		{93DB865E-3C6B-4423-84EE-364474308BB6}.Release|x64.ActiveCfg = Release|Any CPU
		{93DB865E-3C6B-4423-84EE-364474308BB6}.Release|x64.Build.0 = Release|Any CPU
		{93DB865E-3C6B-4423-84EE-364474308BB6}.Release|x86.ActiveCfg = Release|Any CPU
		{93DB865E-3C6B-4423-84EE-364474308BB6}.Release|x86.Build.0 = Release|Any CPU
		{AF40F309-C79D-4F45-A31E-110846D6D84C}.Debug|Any CPU.ActiveCfg = Debug|Any CPU
		{AF40F309-C79D-4F45-A31E-110846D6D84C}.Debug|Any CPU.Build.0 = Debug|Any CPU
		{AF40F309-C79D-4F45-A31E-110846D6D84C}.Debug|x64.ActiveCfg = Debug|Any CPU
		{AF40F309-C79D-4F45-A31E-110846D6D84C}.Debug|x64.Build.0 = Debug|Any CPU
		{AF40F309-C79D-4F45-A31E-110846D6D84C}.Debug|x86.ActiveCfg = Debug|Any CPU
		{AF40F309-C79D-4F45-A31E-110846D6D84C}.Debug|x86.Build.0 = Debug|Any CPU
		{AF40F309-C79D-4F45-A31E-110846D6D84C}.Release|Any CPU.ActiveCfg = Release|Any CPU
		{AF40F309-C79D-4F45-A31E-110846D6D84C}.Release|Any CPU.Build.0 = Release|Any CPU
		{AF40F309-C79D-4F45-A31E-110846D6D84C}.Release|x64.ActiveCfg = Release|Any CPU
		{AF40F309-C79D-4F45-A31E-110846D6D84C}.Release|x64.Build.0 = Release|Any CPU
		{AF40F309-C79D-4F45-A31E-110846D6D84C}.Release|x86.ActiveCfg = Release|Any CPU
		{AF40F309-C79D-4F45-A31E-110846D6D84C}.Release|x86.Build.0 = Release|Any CPU
	EndGlobalSection
	GlobalSection(SolutionProperties) = preSolution
		HideSolutionNode = FALSE
	EndGlobalSection
	GlobalSection(NestedProjects) = preSolution
		{EBD7295A-9C38-4408-B5FC-A8D6C812E57F} = {833B477B-0AA6-41AD-87F2-8D16F5DB7C1F}
		{A04905D3-20B7-450A-9A93-C3246726C60D} = {833B477B-0AA6-41AD-87F2-8D16F5DB7C1F}
		{CADEA94D-1C8D-4FCA-8AC4-1D0178E9662B} = {833B477B-0AA6-41AD-87F2-8D16F5DB7C1F}
		{93DB865E-3C6B-4423-84EE-364474308BB6} = {833B477B-0AA6-41AD-87F2-8D16F5DB7C1F}
		{AF40F309-C79D-4F45-A31E-110846D6D84C} = {833B477B-0AA6-41AD-87F2-8D16F5DB7C1F}
	EndGlobalSection
	GlobalSection(ExtensibilityGlobals) = postSolution
		SolutionGuid = {471BBD44-E0C2-497B-B6D1-68333FF9FD09}
	EndGlobalSection
EndGlobal
